PODS:
  - Map4dMap (2.4.3)
  - Map4dNavigation (1.2.0):
    - Map4dMap (~> 2.3)
    - Map4dServices (~> 2.1)
  - Map4dServices (2.1.0)

DEPENDENCIES:
  - Map4dNavigation (~> 1.2.0)

SPEC REPOS:
  trunk:
    - Map4dMap
    - Map4dNavigation
    - Map4dServices

SPEC CHECKSUMS:
  Map4dMap: 6c1ff3b2ba14f5b7ce5d4acc6647faf923ae6ee9
  Map4dNavigation: b95a5ad66d105c389251fc8f9c1d1fc48a787f23
  Map4dServices: 63c3449a7867f20cf7f0ec028109a979241e754a

PODFILE CHECKSUM: c0d4ec6170ab6f4b65ef9e0a42f60997fcaa807c

COCOAPODS: 1.10.1
