PODS:
  - Map4dMap (3.0.0)
  - Map4dNavigation (1.4.0):
    - Map4dMap (~> 3.0)
    - Map4dServices (~> 2.4)
  - Map4dServices (2.4.1)

DEPENDENCIES:
  - Map4dNavigation (~> 1.4.0)

SPEC REPOS:
  trunk:
    - Map4dMap
    - Map4dNavigation
    - Map4dServices

SPEC CHECKSUMS:
  Map4dMap: 9fbf16c8d0ccb354989f63cf8cf32c986bd3244d
  Map4dNavigation: 20f9a25a4e66f5ce3a62e95095509ffb6d32750b
  Map4dServices: 206540224e3f4e4e47747cacba949bf29a25004f

PODFILE CHECKSUM: d59fdd23a58d967f249fb9dbec142afcbff1d030

COCOAPODS: 1.11.2
